
Microsoft Visual Studio Solution File, Format Version 12.00
# Visual Studio 15
VisualStudioVersion = 15.0.27428.2027
MinimumVisualStudioVersion = 10.0.40219.1
Project("{8BC9CEB8-8B4A-11D0-8D11-00A0C91BC942}") = "p10653", "p10653.vcxproj", "{7A2ACB44-0655-4573-A4D3-AFDB73DE4C85}"
EndProject
Project("{8BC9CEB8-8B4A-11D0-8D11-00A0C91BC942}") = "p314", "p314\p314\p314.vcxproj", "{534D602A-D2D6-4E0A-ACF0-8D8578693332}"
EndProject
Project("{8BC9CEB8-8B4A-11D0-8D11-00A0C91BC942}") = "p336", "p336\p336.vcxproj", "{3E695CB7-AD24-4CA0-AA88-B95EDF5DF613}"
EndProject
Project("{8BC9CEB8-8B4A-11D0-8D11-00A0C91BC942}") = "p383", "p383\p383.vcxproj", "{414C93EA-58F8-4709-89CC-55BEC77919FA}"
EndProject
Project("{8BC9CEB8-8B4A-11D0-8D11-00A0C91BC942}") = "p11906", "p11906\p11906.vcxproj", "{BC5A82F1-BCE8-4805-9561-0CCF5DB5C697}"
EndProject
Project("{8BC9CEB8-8B4A-11D0-8D11-00A0C91BC942}") = "p11340", "p11340\p11340.vcxproj", "{D4572D61-12A8-4F4B-B5D6-929181C78ADA}"
EndProject
Project("{8BC9CEB8-8B4A-11D0-8D11-00A0C91BC942}") = "p11849", "p11849\p11849.vcxproj", "{C855B3DF-294C-4CC2-B072-A0B2467DE170}"
EndProject
Project("{8BC9CEB8-8B4A-11D0-8D11-00A0C91BC942}") = "p902", "p902\p902.vcxproj", "{9DEAE1E7-056B-4EBE-9AE3-6F6B6752A8AA}"
EndProject
Project("{8BC9CEB8-8B4A-11D0-8D11-00A0C91BC942}") = "p12356", "p12356\p12356.vcxproj", "{4F957588-B25E-4A75-B3B9-C3CC850F7F4D}"
EndProject
Project("{8BC9CEB8-8B4A-11D0-8D11-00A0C91BC942}") = "p11988", "p11988\p11988.vcxproj", "{20F31475-405A-47F6-B1B6-C9F7091FEEAC}"
EndProject
Project("{8BC9CEB8-8B4A-11D0-8D11-00A0C91BC942}") = "p957", "p957\p957.vcxproj", "{BA7A81DE-27F9-4E7B-9E1D-6683FF62A70A}"
EndProject
Global
	GlobalSection(SolutionConfigurationPlatforms) = preSolution
		Debug|x64 = Debug|x64
		Debug|x86 = Debug|x86
		Release|x64 = Release|x64
		Release|x86 = Release|x86
	EndGlobalSection
	GlobalSection(ProjectConfigurationPlatforms) = postSolution
		{7A2ACB44-0655-4573-A4D3-AFDB73DE4C85}.Debug|x64.ActiveCfg = Debug|x64
		{7A2ACB44-0655-4573-A4D3-AFDB73DE4C85}.Debug|x64.Build.0 = Debug|x64
		{7A2ACB44-0655-4573-A4D3-AFDB73DE4C85}.Debug|x86.ActiveCfg = Debug|Win32
		{7A2ACB44-0655-4573-A4D3-AFDB73DE4C85}.Debug|x86.Build.0 = Debug|Win32
		{7A2ACB44-0655-4573-A4D3-AFDB73DE4C85}.Release|x64.ActiveCfg = Release|x64
		{7A2ACB44-0655-4573-A4D3-AFDB73DE4C85}.Release|x64.Build.0 = Release|x64
		{7A2ACB44-0655-4573-A4D3-AFDB73DE4C85}.Release|x86.ActiveCfg = Release|Win32
		{7A2ACB44-0655-4573-A4D3-AFDB73DE4C85}.Release|x86.Build.0 = Release|Win32
		{534D602A-D2D6-4E0A-ACF0-8D8578693332}.Debug|x64.ActiveCfg = Debug|x64
		{534D602A-D2D6-4E0A-ACF0-8D8578693332}.Debug|x64.Build.0 = Debug|x64
		{534D602A-D2D6-4E0A-ACF0-8D8578693332}.Debug|x86.ActiveCfg = Debug|Win32
		{534D602A-D2D6-4E0A-ACF0-8D8578693332}.Debug|x86.Build.0 = Debug|Win32
		{534D602A-D2D6-4E0A-ACF0-8D8578693332}.Release|x64.ActiveCfg = Release|x64
		{534D602A-D2D6-4E0A-ACF0-8D8578693332}.Release|x64.Build.0 = Release|x64
		{534D602A-D2D6-4E0A-ACF0-8D8578693332}.Release|x86.ActiveCfg = Release|Win32
		{534D602A-D2D6-4E0A-ACF0-8D8578693332}.Release|x86.Build.0 = Release|Win32
		{3E695CB7-AD24-4CA0-AA88-B95EDF5DF613}.Debug|x64.ActiveCfg = Debug|x64
		{3E695CB7-AD24-4CA0-AA88-B95EDF5DF613}.Debug|x64.Build.0 = Debug|x64
		{3E695CB7-AD24-4CA0-AA88-B95EDF5DF613}.Debug|x86.ActiveCfg = Debug|Win32
		{3E695CB7-AD24-4CA0-AA88-B95EDF5DF613}.Debug|x86.Build.0 = Debug|Win32
		{3E695CB7-AD24-4CA0-AA88-B95EDF5DF613}.Release|x64.ActiveCfg = Release|x64
		{3E695CB7-AD24-4CA0-AA88-B95EDF5DF613}.Release|x64.Build.0 = Release|x64
		{3E695CB7-AD24-4CA0-AA88-B95EDF5DF613}.Release|x86.ActiveCfg = Release|Win32
		{3E695CB7-AD24-4CA0-AA88-B95EDF5DF613}.Release|x86.Build.0 = Release|Win32
		{414C93EA-58F8-4709-89CC-55BEC77919FA}.Debug|x64.ActiveCfg = Debug|x64
		{414C93EA-58F8-4709-89CC-55BEC77919FA}.Debug|x64.Build.0 = Debug|x64
		{414C93EA-58F8-4709-89CC-55BEC77919FA}.Debug|x86.ActiveCfg = Debug|Win32
		{414C93EA-58F8-4709-89CC-55BEC77919FA}.Debug|x86.Build.0 = Debug|Win32
		{414C93EA-58F8-4709-89CC-55BEC77919FA}.Release|x64.ActiveCfg = Release|x64
		{414C93EA-58F8-4709-89CC-55BEC77919FA}.Release|x64.Build.0 = Release|x64
		{414C93EA-58F8-4709-89CC-55BEC77919FA}.Release|x86.ActiveCfg = Release|Win32
		{414C93EA-58F8-4709-89CC-55BEC77919FA}.Release|x86.Build.0 = Release|Win32
		{BC5A82F1-BCE8-4805-9561-0CCF5DB5C697}.Debug|x64.ActiveCfg = Debug|x64
		{BC5A82F1-BCE8-4805-9561-0CCF5DB5C697}.Debug|x64.Build.0 = Debug|x64
		{BC5A82F1-BCE8-4805-9561-0CCF5DB5C697}.Debug|x86.ActiveCfg = Debug|Win32
		{BC5A82F1-BCE8-4805-9561-0CCF5DB5C697}.Debug|x86.Build.0 = Debug|Win32
		{BC5A82F1-BCE8-4805-9561-0CCF5DB5C697}.Release|x64.ActiveCfg = Release|x64
		{BC5A82F1-BCE8-4805-9561-0CCF5DB5C697}.Release|x64.Build.0 = Release|x64
		{BC5A82F1-BCE8-4805-9561-0CCF5DB5C697}.Release|x86.ActiveCfg = Release|Win32
		{BC5A82F1-BCE8-4805-9561-0CCF5DB5C697}.Release|x86.Build.0 = Release|Win32
		{D4572D61-12A8-4F4B-B5D6-929181C78ADA}.Debug|x64.ActiveCfg = Debug|x64
		{D4572D61-12A8-4F4B-B5D6-929181C78ADA}.Debug|x64.Build.0 = Debug|x64
		{D4572D61-12A8-4F4B-B5D6-929181C78ADA}.Debug|x86.ActiveCfg = Debug|Win32
		{D4572D61-12A8-4F4B-B5D6-929181C78ADA}.Debug|x86.Build.0 = Debug|Win32
		{D4572D61-12A8-4F4B-B5D6-929181C78ADA}.Release|x64.ActiveCfg = Release|x64
		{D4572D61-12A8-4F4B-B5D6-929181C78ADA}.Release|x64.Build.0 = Release|x64
		{D4572D61-12A8-4F4B-B5D6-929181C78ADA}.Release|x86.ActiveCfg = Release|Win32
		{D4572D61-12A8-4F4B-B5D6-929181C78ADA}.Release|x86.Build.0 = Release|Win32
		{C855B3DF-294C-4CC2-B072-A0B2467DE170}.Debug|x64.ActiveCfg = Debug|x64
		{C855B3DF-294C-4CC2-B072-A0B2467DE170}.Debug|x64.Build.0 = Debug|x64
		{C855B3DF-294C-4CC2-B072-A0B2467DE170}.Debug|x86.ActiveCfg = Debug|Win32
		{C855B3DF-294C-4CC2-B072-A0B2467DE170}.Debug|x86.Build.0 = Debug|Win32
		{C855B3DF-294C-4CC2-B072-A0B2467DE170}.Release|x64.ActiveCfg = Release|x64
		{C855B3DF-294C-4CC2-B072-A0B2467DE170}.Release|x64.Build.0 = Release|x64
		{C855B3DF-294C-4CC2-B072-A0B2467DE170}.Release|x86.ActiveCfg = Release|Win32
		{C855B3DF-294C-4CC2-B072-A0B2467DE170}.Release|x86.Build.0 = Release|Win32
		{9DEAE1E7-056B-4EBE-9AE3-6F6B6752A8AA}.Debug|x64.ActiveCfg = Debug|x64
		{9DEAE1E7-056B-4EBE-9AE3-6F6B6752A8AA}.Debug|x64.Build.0 = Debug|x64
		{9DEAE1E7-056B-4EBE-9AE3-6F6B6752A8AA}.Debug|x86.ActiveCfg = Debug|Win32
		{9DEAE1E7-056B-4EBE-9AE3-6F6B6752A8AA}.Debug|x86.Build.0 = Debug|Win32
		{9DEAE1E7-056B-4EBE-9AE3-6F6B6752A8AA}.Release|x64.ActiveCfg = Release|x64
		{9DEAE1E7-056B-4EBE-9AE3-6F6B6752A8AA}.Release|x64.Build.0 = Release|x64
		{9DEAE1E7-056B-4EBE-9AE3-6F6B6752A8AA}.Release|x86.ActiveCfg = Release|Win32
		{9DEAE1E7-056B-4EBE-9AE3-6F6B6752A8AA}.Release|x86.Build.0 = Release|Win32
		{4F957588-B25E-4A75-B3B9-C3CC850F7F4D}.Debug|x64.ActiveCfg = Debug|x64
		{4F957588-B25E-4A75-B3B9-C3CC850F7F4D}.Debug|x64.Build.0 = Debug|x64
		{4F957588-B25E-4A75-B3B9-C3CC850F7F4D}.Debug|x86.ActiveCfg = Debug|Win32
		{4F957588-B25E-4A75-B3B9-C3CC850F7F4D}.Debug|x86.Build.0 = Debug|Win32
		{4F957588-B25E-4A75-B3B9-C3CC850F7F4D}.Release|x64.ActiveCfg = Release|x64
		{4F957588-B25E-4A75-B3B9-C3CC850F7F4D}.Release|x64.Build.0 = Release|x64
		{4F957588-B25E-4A75-B3B9-C3CC850F7F4D}.Release|x86.ActiveCfg = Release|Win32
		{4F957588-B25E-4A75-B3B9-C3CC850F7F4D}.Release|x86.Build.0 = Release|Win32
		{20F31475-405A-47F6-B1B6-C9F7091FEEAC}.Debug|x64.ActiveCfg = Debug|x64
		{20F31475-405A-47F6-B1B6-C9F7091FEEAC}.Debug|x64.Build.0 = Debug|x64
		{20F31475-405A-47F6-B1B6-C9F7091FEEAC}.Debug|x86.ActiveCfg = Debug|Win32
		{20F31475-405A-47F6-B1B6-C9F7091FEEAC}.Debug|x86.Build.0 = Debug|Win32
		{20F31475-405A-47F6-B1B6-C9F7091FEEAC}.Release|x64.ActiveCfg = Release|x64
		{20F31475-405A-47F6-B1B6-C9F7091FEEAC}.Release|x64.Build.0 = Release|x64
		{20F31475-405A-47F6-B1B6-C9F7091FEEAC}.Release|x86.ActiveCfg = Release|Win32
		{20F31475-405A-47F6-B1B6-C9F7091FEEAC}.Release|x86.Build.0 = Release|Win32
		{BA7A81DE-27F9-4E7B-9E1D-6683FF62A70A}.Debug|x64.ActiveCfg = Debug|x64
		{BA7A81DE-27F9-4E7B-9E1D-6683FF62A70A}.Debug|x64.Build.0 = Debug|x64
		{BA7A81DE-27F9-4E7B-9E1D-6683FF62A70A}.Debug|x86.ActiveCfg = Debug|Win32
		{BA7A81DE-27F9-4E7B-9E1D-6683FF62A70A}.Debug|x86.Build.0 = Debug|Win32
		{BA7A81DE-27F9-4E7B-9E1D-6683FF62A70A}.Release|x64.ActiveCfg = Release|x64
		{BA7A81DE-27F9-4E7B-9E1D-6683FF62A70A}.Release|x64.Build.0 = Release|x64
		{BA7A81DE-27F9-4E7B-9E1D-6683FF62A70A}.Release|x86.ActiveCfg = Release|Win32
		{BA7A81DE-27F9-4E7B-9E1D-6683FF62A70A}.Release|x86.Build.0 = Release|Win32
	EndGlobalSection
	GlobalSection(SolutionProperties) = preSolution
		HideSolutionNode = FALSE
	EndGlobalSection
	GlobalSection(ExtensibilityGlobals) = postSolution
		SolutionGuid = {6B3E4CE4-9695-4934-8108-BD1BDAD677A2}
	EndGlobalSection
EndGlobal
